
Microsoft Visual Studio Solution File, Format Version 12.00
# Visual Studio 15
VisualStudioVersion = 15.0.27004.2006
MinimumVisualStudioVersion = 10.0.40219.1
Project("{FAE04EC0-301F-11D3-BF4B-00C04F79EFBC}") = "EntityFramework_6_DAL_Template", "EntityFramework_6_DAL_Template\EntityFramework_6_DAL_Template.csproj", "{1F7F9473-6A83-4442-8909-9AA4C646EF9B}"
EndProject
Project("{FAE04EC0-301F-11D3-BF4B-00C04F79EFBC}") = "EntityFramework_6_DAL_Template.Test", "EntityFramework_6_DAL_Template.Test\EntityFramework_6_DAL_Template.Test.csproj", "{213A48B7-A35E-4A74-816A-0F1BFC498913}"
EndProject
Project("{FAE04EC0-301F-11D3-BF4B-00C04F79EFBC}") = "EntityFramework_6_DAL_Template.IntegrationTests", "EntityFramework_6_DAL_Template.IntegrationTests\EntityFramework_6_DAL_Template.IntegrationTests.csproj", "{637A1318-6B49-4A65-8E43-923C4AA536C4}"
EndProject
Global
	GlobalSection(SolutionConfigurationPlatforms) = preSolution
		Debug|Any CPU = Debug|Any CPU
		Release|Any CPU = Release|Any CPU
	EndGlobalSection
	GlobalSection(ProjectConfigurationPlatforms) = postSolution
		{1F7F9473-6A83-4442-8909-9AA4C646EF9B}.Debug|Any CPU.ActiveCfg = Debug|Any CPU
		{1F7F9473-6A83-4442-8909-9AA4C646EF9B}.Debug|Any CPU.Build.0 = Debug|Any CPU
		{1F7F9473-6A83-4442-8909-9AA4C646EF9B}.Release|Any CPU.ActiveCfg = Release|Any CPU
		{1F7F9473-6A83-4442-8909-9AA4C646EF9B}.Release|Any CPU.Build.0 = Release|Any CPU
		{213A48B7-A35E-4A74-816A-0F1BFC498913}.Debug|Any CPU.ActiveCfg = Debug|Any CPU
		{213A48B7-A35E-4A74-816A-0F1BFC498913}.Debug|Any CPU.Build.0 = Debug|Any CPU
		{213A48B7-A35E-4A74-816A-0F1BFC498913}.Release|Any CPU.ActiveCfg = Release|Any CPU
		{213A48B7-A35E-4A74-816A-0F1BFC498913}.Release|Any CPU.Build.0 = Release|Any CPU
		{637A1318-6B49-4A65-8E43-923C4AA536C4}.Debug|Any CPU.ActiveCfg = Debug|Any CPU
		{637A1318-6B49-4A65-8E43-923C4AA536C4}.Debug|Any CPU.Build.0 = Debug|Any CPU
		{637A1318-6B49-4A65-8E43-923C4AA536C4}.Release|Any CPU.ActiveCfg = Release|Any CPU
		{637A1318-6B49-4A65-8E43-923C4AA536C4}.Release|Any CPU.Build.0 = Release|Any CPU
	EndGlobalSection
	GlobalSection(SolutionProperties) = preSolution
		HideSolutionNode = FALSE
	EndGlobalSection
	GlobalSection(ExtensibilityGlobals) = postSolution
		SolutionGuid = {A5ABE501-4189-4B7C-A75A-A9F7A410014D}
	EndGlobalSection
EndGlobal
